// !$*UTF8*$!
{
	archiveVersion = 1;
	classes = {
	};
	objectVersion = 46;
	objects = {

/* Begin PBXBuildFile section */
		53AB85CD1C43DA1E00D83036 /* main.m in Sources */ = {isa = PBXBuildFile; fileRef = 53AB85CC1C43DA1E00D83036 /* main.m */; };
		53AB85D01C43DA1E00D83036 /* FDCAppDelegate.m in Sources */ = {isa = PBXBuildFile; fileRef = 53AB85CF1C43DA1E00D83036 /* FDCAppDelegate.m */; };
		53AB85D31C43DA1E00D83036 /* FDCDetailViewController.m in Sources */ = {isa = PBXBuildFile; fileRef = 53AB85D21C43DA1E00D83036 /* FDCDetailViewController.m */; };
		53AB85D61C43DA1E00D83036 /* Main.storyboard in Resources */ = {isa = PBXBuildFile; fileRef = 53AB85D41C43DA1E00D83036 /* Main.storyboard */; };
		53AB85D81C43DA1E00D83036 /* Assets.xcassets in Resources */ = {isa = PBXBuildFile; fileRef = 53AB85D71C43DA1E00D83036 /* Assets.xcassets */; };
		53AB85DB1C43DA1E00D83036 /* LaunchScreen.storyboard in Resources */ = {isa = PBXBuildFile; fileRef = 53AB85D91C43DA1E00D83036 /* LaunchScreen.storyboard */; };
		53AB85E61C43DA1E00D83036 /* FirstDribbbleChallengeTests.m in Sources */ = {isa = PBXBuildFile; fileRef = 53AB85E51C43DA1E00D83036 /* FirstDribbbleChallengeTests.m */; };
		53AB85F41C43DD3400D83036 /* FDCConstants.m in Sources */ = {isa = PBXBuildFile; fileRef = 53AB85F31C43DD3400D83036 /* FDCConstants.m */; };
		53AB85F71C43E02A00D83036 /* FDCHomeTableViewController.m in Sources */ = {isa = PBXBuildFile; fileRef = 53AB85F61C43E02A00D83036 /* FDCHomeTableViewController.m */; };
		53AB85FC1C43E0EF00D83036 /* FDCDribbbleTableViewCell.m in Sources */ = {isa = PBXBuildFile; fileRef = 53AB85FA1C43E0EF00D83036 /* FDCDribbbleTableViewCell.m */; };
		53AB85FD1C43E0EF00D83036 /* FDCDribbbleTableViewCell.xib in Resources */ = {isa = PBXBuildFile; fileRef = 53AB85FB1C43E0EF00D83036 /* FDCDribbbleTableViewCell.xib */; };
		53AB86021C43E29600D83036 /* FDCSessionManager.m in Sources */ = {isa = PBXBuildFile; fileRef = 53AB86011C43E29600D83036 /* FDCSessionManager.m */; };
		53AB86081C43E6BC00D83036 /* FDCSessionManager+Shots.m in Sources */ = {isa = PBXBuildFile; fileRef = 53AB86071C43E6BC00D83036 /* FDCSessionManager+Shots.m */; };
		D8F3CC3F87508CB597CEC7F7 /* libPods-FirstDribbbleChallenge.a in Frameworks */ = {isa = PBXBuildFile; fileRef = 45E0C98130E07B3FA6DF8A0B /* libPods-FirstDribbbleChallenge.a */; };
/* End PBXBuildFile section */

/* Begin PBXContainerItemProxy section */
		53AB85E21C43DA1E00D83036 /* PBXContainerItemProxy */ = {
			isa = PBXContainerItemProxy;
			containerPortal = 53AB85C01C43DA1E00D83036 /* Project object */;
			proxyType = 1;
			remoteGlobalIDString = 53AB85C71C43DA1E00D83036;
			remoteInfo = FirstDribbbleChallenge;
		};
/* End PBXContainerItemProxy section */

/* Begin PBXFileReference section */
		2417CE69688A0FCEC6B05E0D /* Pods-FirstDribbbleChallenge.debug.xcconfig */ = {isa = PBXFileReference; includeInIndex = 1; lastKnownFileType = text.xcconfig; name = "Pods-FirstDribbbleChallenge.debug.xcconfig"; path = "Pods/Target Support Files/Pods-FirstDribbbleChallenge/Pods-FirstDribbbleChallenge.debug.xcconfig"; sourceTree = "<group>"; };
		45E0C98130E07B3FA6DF8A0B /* libPods-FirstDribbbleChallenge.a */ = {isa = PBXFileReference; explicitFileType = archive.ar; includeInIndex = 0; path = "libPods-FirstDribbbleChallenge.a"; sourceTree = BUILT_PRODUCTS_DIR; };
		53AB85C81C43DA1E00D83036 /* FirstDribbbleChallenge.app */ = {isa = PBXFileReference; explicitFileType = wrapper.application; includeInIndex = 0; path = FirstDribbbleChallenge.app; sourceTree = BUILT_PRODUCTS_DIR; };
		53AB85CC1C43DA1E00D83036 /* main.m */ = {isa = PBXFileReference; lastKnownFileType = sourcecode.c.objc; path = main.m; sourceTree = "<group>"; };
		53AB85CE1C43DA1E00D83036 /* FDCAppDelegate.h */ = {isa = PBXFileReference; lastKnownFileType = sourcecode.c.h; path = FDCAppDelegate.h; sourceTree = "<group>"; };
		53AB85CF1C43DA1E00D83036 /* FDCAppDelegate.m */ = {isa = PBXFileReference; lastKnownFileType = sourcecode.c.objc; path = FDCAppDelegate.m; sourceTree = "<group>"; };
		53AB85D11C43DA1E00D83036 /* FDCDetailViewController.h */ = {isa = PBXFileReference; lastKnownFileType = sourcecode.c.h; path = FDCDetailViewController.h; sourceTree = "<group>"; };
		53AB85D21C43DA1E00D83036 /* FDCDetailViewController.m */ = {isa = PBXFileReference; lastKnownFileType = sourcecode.c.objc; path = FDCDetailViewController.m; sourceTree = "<group>"; };
		53AB85D51C43DA1E00D83036 /* Base */ = {isa = PBXFileReference; lastKnownFileType = file.storyboard; name = Base; path = Base.lproj/Main.storyboard; sourceTree = "<group>"; };
		53AB85D71C43DA1E00D83036 /* Assets.xcassets */ = {isa = PBXFileReference; lastKnownFileType = folder.assetcatalog; path = Assets.xcassets; sourceTree = "<group>"; };
		53AB85DA1C43DA1E00D83036 /* Base */ = {isa = PBXFileReference; lastKnownFileType = file.storyboard; name = Base; path = Base.lproj/LaunchScreen.storyboard; sourceTree = "<group>"; };
		53AB85DC1C43DA1E00D83036 /* Info.plist */ = {isa = PBXFileReference; lastKnownFileType = text.plist.xml; path = Info.plist; sourceTree = "<group>"; };
		53AB85E11C43DA1E00D83036 /* FirstDribbbleChallengeTests.xctest */ = {isa = PBXFileReference; explicitFileType = wrapper.cfbundle; includeInIndex = 0; path = FirstDribbbleChallengeTests.xctest; sourceTree = BUILT_PRODUCTS_DIR; };
		53AB85E51C43DA1E00D83036 /* FirstDribbbleChallengeTests.m */ = {isa = PBXFileReference; lastKnownFileType = sourcecode.c.objc; path = FirstDribbbleChallengeTests.m; sourceTree = "<group>"; };
		53AB85E71C43DA1E00D83036 /* Info.plist */ = {isa = PBXFileReference; lastKnownFileType = text.plist.xml; path = Info.plist; sourceTree = "<group>"; };
		53AB85F21C43DD3400D83036 /* FDCConstants.h */ = {isa = PBXFileReference; fileEncoding = 4; lastKnownFileType = sourcecode.c.h; path = FDCConstants.h; sourceTree = "<group>"; };
		53AB85F31C43DD3400D83036 /* FDCConstants.m */ = {isa = PBXFileReference; fileEncoding = 4; lastKnownFileType = sourcecode.c.objc; path = FDCConstants.m; sourceTree = "<group>"; };
		53AB85F51C43E02A00D83036 /* FDCHomeTableViewController.h */ = {isa = PBXFileReference; fileEncoding = 4; lastKnownFileType = sourcecode.c.h; path = FDCHomeTableViewController.h; sourceTree = "<group>"; };
		53AB85F61C43E02A00D83036 /* FDCHomeTableViewController.m */ = {isa = PBXFileReference; fileEncoding = 4; lastKnownFileType = sourcecode.c.objc; path = FDCHomeTableViewController.m; sourceTree = "<group>"; };
		53AB85F91C43E0EF00D83036 /* FDCDribbbleTableViewCell.h */ = {isa = PBXFileReference; fileEncoding = 4; lastKnownFileType = sourcecode.c.h; path = FDCDribbbleTableViewCell.h; sourceTree = "<group>"; };
		53AB85FA1C43E0EF00D83036 /* FDCDribbbleTableViewCell.m */ = {isa = PBXFileReference; fileEncoding = 4; lastKnownFileType = sourcecode.c.objc; path = FDCDribbbleTableViewCell.m; sourceTree = "<group>"; };
		53AB85FB1C43E0EF00D83036 /* FDCDribbbleTableViewCell.xib */ = {isa = PBXFileReference; fileEncoding = 4; lastKnownFileType = file.xib; path = FDCDribbbleTableViewCell.xib; sourceTree = "<group>"; };
		53AB86001C43E29600D83036 /* FDCSessionManager.h */ = {isa = PBXFileReference; fileEncoding = 4; lastKnownFileType = sourcecode.c.h; path = FDCSessionManager.h; sourceTree = "<group>"; };
		53AB86011C43E29600D83036 /* FDCSessionManager.m */ = {isa = PBXFileReference; fileEncoding = 4; lastKnownFileType = sourcecode.c.objc; path = FDCSessionManager.m; sourceTree = "<group>"; };
		53AB86061C43E6BC00D83036 /* FDCSessionManager+Shots.h */ = {isa = PBXFileReference; fileEncoding = 4; lastKnownFileType = sourcecode.c.h; path = "FDCSessionManager+Shots.h"; sourceTree = "<group>"; };
		53AB86071C43E6BC00D83036 /* FDCSessionManager+Shots.m */ = {isa = PBXFileReference; fileEncoding = 4; lastKnownFileType = sourcecode.c.objc; path = "FDCSessionManager+Shots.m"; sourceTree = "<group>"; };
		65C6331200F20F2A55CDF12D /* Pods-FirstDribbbleChallenge.release.xcconfig */ = {isa = PBXFileReference; includeInIndex = 1; lastKnownFileType = text.xcconfig; name = "Pods-FirstDribbbleChallenge.release.xcconfig"; path = "Pods/Target Support Files/Pods-FirstDribbbleChallenge/Pods-FirstDribbbleChallenge.release.xcconfig"; sourceTree = "<group>"; };
/* End PBXFileReference section */

/* Begin PBXFrameworksBuildPhase section */
		53AB85C51C43DA1E00D83036 /* Frameworks */ = {
			isa = PBXFrameworksBuildPhase;
			buildActionMask = 2147483647;
			files = (
				D8F3CC3F87508CB597CEC7F7 /* libPods-FirstDribbbleChallenge.a in Frameworks */,
			);
			runOnlyForDeploymentPostprocessing = 0;
		};
		53AB85DE1C43DA1E00D83036 /* Frameworks */ = {
			isa = PBXFrameworksBuildPhase;
			buildActionMask = 2147483647;
			files = (
			);
			runOnlyForDeploymentPostprocessing = 0;
		};
/* End PBXFrameworksBuildPhase section */

/* Begin PBXGroup section */
		47E73E94B78BD23909F6EF4F /* Pods */ = {
			isa = PBXGroup;
			children = (
				2417CE69688A0FCEC6B05E0D /* Pods-FirstDribbbleChallenge.debug.xcconfig */,
				65C6331200F20F2A55CDF12D /* Pods-FirstDribbbleChallenge.release.xcconfig */,
			);
			name = Pods;
			sourceTree = "<group>";
		};
		53AB85BF1C43DA1E00D83036 = {
			isa = PBXGroup;
			children = (
				53AB85CA1C43DA1E00D83036 /* FirstDribbbleChallenge */,
				53AB85E41C43DA1E00D83036 /* FirstDribbbleChallengeTests */,
				65C8DA195D314EB4B40476A1 /* Frameworks */,
				47E73E94B78BD23909F6EF4F /* Pods */,
				53AB85C91C43DA1E00D83036 /* Products */,
			);
			sourceTree = "<group>";
		};
		53AB85C91C43DA1E00D83036 /* Products */ = {
			isa = PBXGroup;
			children = (
				53AB85C81C43DA1E00D83036 /* FirstDribbbleChallenge.app */,
				53AB85E11C43DA1E00D83036 /* FirstDribbbleChallengeTests.xctest */,
			);
			name = Products;
			sourceTree = "<group>";
		};
		53AB85CA1C43DA1E00D83036 /* FirstDribbbleChallenge */ = {
			isa = PBXGroup;
			children = (
				53AB85FF1C43E25E00D83036 /* Network */,
				53AB85FE1C43E10600D83036 /* Models */,
				53AB85F81C43E0A600D83036 /* Views */,
				53AB85F11C43DCE200D83036 /* Helpers */,
				53AB85F01C43DA6A00D83036 /* Controllers */,
				53AB85CB1C43DA1E00D83036 /* Supporting Files */,
				53AB85D71C43DA1E00D83036 /* Assets.xcassets */,
				53AB85CE1C43DA1E00D83036 /* FDCAppDelegate.h */,
				53AB85CF1C43DA1E00D83036 /* FDCAppDelegate.m */,
				53AB85DC1C43DA1E00D83036 /* Info.plist */,
				53AB85D91C43DA1E00D83036 /* LaunchScreen.storyboard */,
				53AB85D41C43DA1E00D83036 /* Main.storyboard */,
			);
			path = FirstDribbbleChallenge;
			sourceTree = "<group>";
		};
		53AB85CB1C43DA1E00D83036 /* Supporting Files */ = {
			isa = PBXGroup;
			children = (
				53AB85CC1C43DA1E00D83036 /* main.m */,
			);
			path = "Supporting Files";
			sourceTree = "<group>";
		};
		53AB85E41C43DA1E00D83036 /* FirstDribbbleChallengeTests */ = {
			isa = PBXGroup;
			children = (
				53AB85E51C43DA1E00D83036 /* FirstDribbbleChallengeTests.m */,
				53AB85E71C43DA1E00D83036 /* Info.plist */,
			);
			path = FirstDribbbleChallengeTests;
			sourceTree = "<group>";
		};
		53AB85F01C43DA6A00D83036 /* Controllers */ = {
			isa = PBXGroup;
			children = (
				53AB85D11C43DA1E00D83036 /* FDCDetailViewController.h */,
				53AB85D21C43DA1E00D83036 /* FDCDetailViewController.m */,
				53AB85F51C43E02A00D83036 /* FDCHomeTableViewController.h */,
				53AB85F61C43E02A00D83036 /* FDCHomeTableViewController.m */,
			);
			path = Controllers;
			sourceTree = "<group>";
		};
		53AB85F11C43DCE200D83036 /* Helpers */ = {
			isa = PBXGroup;
			children = (
				53AB85F21C43DD3400D83036 /* FDCConstants.h */,
				53AB85F31C43DD3400D83036 /* FDCConstants.m */,
			);
			path = Helpers;
			sourceTree = "<group>";
		};
		53AB85F81C43E0A600D83036 /* Views */ = {
			isa = PBXGroup;
			children = (
				53AB85F91C43E0EF00D83036 /* FDCDribbbleTableViewCell.h */,
				53AB85FA1C43E0EF00D83036 /* FDCDribbbleTableViewCell.m */,
				53AB85FB1C43E0EF00D83036 /* FDCDribbbleTableViewCell.xib */,
			);
			path = Views;
			sourceTree = "<group>";
		};
		53AB85FE1C43E10600D83036 /* Models */ = {
			isa = PBXGroup;
			children = (
			);
			path = Models;
			sourceTree = "<group>";
		};
		53AB85FF1C43E25E00D83036 /* Network */ = {
			isa = PBXGroup;
			children = (
				53AB86001C43E29600D83036 /* FDCSessionManager.h */,
				53AB86011C43E29600D83036 /* FDCSessionManager.m */,
				53AB86061C43E6BC00D83036 /* FDCSessionManager+Shots.h */,
				53AB86071C43E6BC00D83036 /* FDCSessionManager+Shots.m */,
			);
			path = Network;
			sourceTree = "<group>";
		};
		65C8DA195D314EB4B40476A1 /* Frameworks */ = {
			isa = PBXGroup;
			children = (
				45E0C98130E07B3FA6DF8A0B /* libPods-FirstDribbbleChallenge.a */,
			);
			name = Frameworks;
			sourceTree = "<group>";
		};
/* End PBXGroup section */

/* Begin PBXNativeTarget section */
		53AB85C71C43DA1E00D83036 /* FirstDribbbleChallenge */ = {
			isa = PBXNativeTarget;
			buildConfigurationList = 53AB85EA1C43DA1E00D83036 /* Build configuration list for PBXNativeTarget "FirstDribbbleChallenge" */;
			buildPhases = (
				2151480FD57B7E234AB89824 /* Check Pods Manifest.lock */,
				53AB85C41C43DA1E00D83036 /* Sources */,
				53AB85C51C43DA1E00D83036 /* Frameworks */,
				53AB85C61C43DA1E00D83036 /* Resources */,
				EFBB58C32CBF1B6F74D5237A /* Embed Pods Frameworks */,
				681E953E30FF93636B091729 /* Copy Pods Resources */,
			);
			buildRules = (
			);
			dependencies = (
			);
			name = FirstDribbbleChallenge;
			productName = FirstDribbbleChallenge;
			productReference = 53AB85C81C43DA1E00D83036 /* FirstDribbbleChallenge.app */;
			productType = "com.apple.product-type.application";
		};
		53AB85E01C43DA1E00D83036 /* FirstDribbbleChallengeTests */ = {
			isa = PBXNativeTarget;
			buildConfigurationList = 53AB85ED1C43DA1E00D83036 /* Build configuration list for PBXNativeTarget "FirstDribbbleChallengeTests" */;
			buildPhases = (
				53AB85DD1C43DA1E00D83036 /* Sources */,
				53AB85DE1C43DA1E00D83036 /* Frameworks */,
				53AB85DF1C43DA1E00D83036 /* Resources */,
			);
			buildRules = (
			);
			dependencies = (
				53AB85E31C43DA1E00D83036 /* PBXTargetDependency */,
			);
			name = FirstDribbbleChallengeTests;
			productName = FirstDribbbleChallengeTests;
			productReference = 53AB85E11C43DA1E00D83036 /* FirstDribbbleChallengeTests.xctest */;
			productType = "com.apple.product-type.bundle.unit-test";
		};
/* End PBXNativeTarget section */

/* Begin PBXProject section */
		53AB85C01C43DA1E00D83036 /* Project object */ = {
			isa = PBXProject;
			attributes = {
				CLASSPREFIX = FDC;
				LastUpgradeCheck = 0720;
				ORGANIZATIONNAME = "Data Empire";
				TargetAttributes = {
					53AB85C71C43DA1E00D83036 = {
						CreatedOnToolsVersion = 7.2;
						DevelopmentTeam = LQ5WW9469F;
					};
					53AB85E01C43DA1E00D83036 = {
						CreatedOnToolsVersion = 7.2;
						DevelopmentTeam = LQ5WW9469F;
						TestTargetID = 53AB85C71C43DA1E00D83036;
					};
				};
			};
			buildConfigurationList = 53AB85C31C43DA1E00D83036 /* Build configuration list for PBXProject "FirstDribbbleChallenge" */;
			compatibilityVersion = "Xcode 3.2";
			developmentRegion = English;
			hasScannedForEncodings = 0;
			knownRegions = (
				en,
				Base,
			);
			mainGroup = 53AB85BF1C43DA1E00D83036;
			productRefGroup = 53AB85C91C43DA1E00D83036 /* Products */;
			projectDirPath = "";
			projectRoot = "";
			targets = (
				53AB85C71C43DA1E00D83036 /* FirstDribbbleChallenge */,
				53AB85E01C43DA1E00D83036 /* FirstDribbbleChallengeTests */,
			);
		};
/* End PBXProject section */

/* Begin PBXResourcesBuildPhase section */
		53AB85C61C43DA1E00D83036 /* Resources */ = {
			isa = PBXResourcesBuildPhase;
			buildActionMask = 2147483647;
			files = (
				53AB85DB1C43DA1E00D83036 /* LaunchScreen.storyboard in Resources */,
				53AB85D81C43DA1E00D83036 /* Assets.xcassets in Resources */,
				53AB85D61C43DA1E00D83036 /* Main.storyboard in Resources */,
				53AB85FD1C43E0EF00D83036 /* FDCDribbbleTableViewCell.xib in Resources */,
			);
			runOnlyForDeploymentPostprocessing = 0;
		};
		53AB85DF1C43DA1E00D83036 /* Resources */ = {
			isa = PBXResourcesBuildPhase;
			buildActionMask = 2147483647;
			files = (
			);
			runOnlyForDeploymentPostprocessing = 0;
		};
/* End PBXResourcesBuildPhase section */

/* Begin PBXShellScriptBuildPhase section */
		2151480FD57B7E234AB89824 /* Check Pods Manifest.lock */ = {
			isa = PBXShellScriptBuildPhase;
			buildActionMask = 2147483647;
			files = (
			);
			inputPaths = (
			);
			name = "Check Pods Manifest.lock";
			outputPaths = (
			);
			runOnlyForDeploymentPostprocessing = 0;
			shellPath = /bin/sh;
			shellScript = "diff \"${PODS_ROOT}/../Podfile.lock\" \"${PODS_ROOT}/Manifest.lock\" > /dev/null\nif [[ $? != 0 ]] ; then\n    cat << EOM\nerror: The sandbox is not in sync with the Podfile.lock. Run 'pod install' or update your CocoaPods installation.\nEOM\n    exit 1\nfi\n";
			showEnvVarsInLog = 0;
		};
		681E953E30FF93636B091729 /* Copy Pods Resources */ = {
			isa = PBXShellScriptBuildPhase;
			buildActionMask = 2147483647;
			files = (
			);
			inputPaths = (
			);
			name = "Copy Pods Resources";
			outputPaths = (
			);
			runOnlyForDeploymentPostprocessing = 0;
			shellPath = /bin/sh;
			shellScript = "\"${SRCROOT}/Pods/Target Support Files/Pods-FirstDribbbleChallenge/Pods-FirstDribbbleChallenge-resources.sh\"\n";
			showEnvVarsInLog = 0;
		};
		EFBB58C32CBF1B6F74D5237A /* Embed Pods Frameworks */ = {
			isa = PBXShellScriptBuildPhase;
			buildActionMask = 2147483647;
			files = (
			);
			inputPaths = (
			);
			name = "Embed Pods Frameworks";
			outputPaths = (
			);
			runOnlyForDeploymentPostprocessing = 0;
			shellPath = /bin/sh;
			shellScript = "\"${SRCROOT}/Pods/Target Support Files/Pods-FirstDribbbleChallenge/Pods-FirstDribbbleChallenge-frameworks.sh\"\n";
			showEnvVarsInLog = 0;
		};
/* End PBXShellScriptBuildPhase section */

/* Begin PBXSourcesBuildPhase section */
		53AB85C41C43DA1E00D83036 /* Sources */ = {
			isa = PBXSourcesBuildPhase;
			buildActionMask = 2147483647;
			files = (
				53AB85D31C43DA1E00D83036 /* FDCDetailViewController.m in Sources */,
				53AB86021C43E29600D83036 /* FDCSessionManager.m in Sources */,
				53AB85F71C43E02A00D83036 /* FDCHomeTableViewController.m in Sources */,
				53AB85D01C43DA1E00D83036 /* FDCAppDelegate.m in Sources */,
				53AB86081C43E6BC00D83036 /* FDCSessionManager+Shots.m in Sources */,
				53AB85CD1C43DA1E00D83036 /* main.m in Sources */,
				53AB85F41C43DD3400D83036 /* FDCConstants.m in Sources */,
				53AB85FC1C43E0EF00D83036 /* FDCDribbbleTableViewCell.m in Sources */,
			);
			runOnlyForDeploymentPostprocessing = 0;
		};
		53AB85DD1C43DA1E00D83036 /* Sources */ = {
			isa = PBXSourcesBuildPhase;
			buildActionMask = 2147483647;
			files = (
				53AB85E61C43DA1E00D83036 /* FirstDribbbleChallengeTests.m in Sources */,
			);
			runOnlyForDeploymentPostprocessing = 0;
		};
/* End PBXSourcesBuildPhase section */

/* Begin PBXTargetDependency section */
		53AB85E31C43DA1E00D83036 /* PBXTargetDependency */ = {
			isa = PBXTargetDependency;
			target = 53AB85C71C43DA1E00D83036 /* FirstDribbbleChallenge */;
			targetProxy = 53AB85E21C43DA1E00D83036 /* PBXContainerItemProxy */;
		};
/* End PBXTargetDependency section */

/* Begin PBXVariantGroup section */
		53AB85D41C43DA1E00D83036 /* Main.storyboard */ = {
			isa = PBXVariantGroup;
			children = (
				53AB85D51C43DA1E00D83036 /* Base */,
			);
			name = Main.storyboard;
			path = .;
			sourceTree = "<group>";
		};
		53AB85D91C43DA1E00D83036 /* LaunchScreen.storyboard */ = {
			isa = PBXVariantGroup;
			children = (
				53AB85DA1C43DA1E00D83036 /* Base */,
			);
			name = LaunchScreen.storyboard;
			path = .;
			sourceTree = "<group>";
		};
/* End PBXVariantGroup section */

/* Begin XCBuildConfiguration section */
		53AB85E81C43DA1E00D83036 /* Debug */ = {
			isa = XCBuildConfiguration;
			buildSettings = {
				ALWAYS_SEARCH_USER_PATHS = NO;
				CLANG_CXX_LANGUAGE_STANDARD = "gnu++0x";
				CLANG_CXX_LIBRARY = "libc++";
				CLANG_ENABLE_MODULES = YES;
				CLANG_ENABLE_OBJC_ARC = YES;
				CLANG_WARN_BOOL_CONVERSION = YES;
				CLANG_WARN_CONSTANT_CONVERSION = YES;
				CLANG_WARN_DIRECT_OBJC_ISA_USAGE = YES_ERROR;
				CLANG_WARN_EMPTY_BODY = YES;
				CLANG_WARN_ENUM_CONVERSION = YES;
				CLANG_WARN_INT_CONVERSION = YES;
				CLANG_WARN_OBJC_ROOT_CLASS = YES_ERROR;
				CLANG_WARN_UNREACHABLE_CODE = YES;
				CLANG_WARN__DUPLICATE_METHOD_MATCH = YES;
				"CODE_SIGN_IDENTITY[sdk=iphoneos*]" = "iPhone Developer";
				COPY_PHASE_STRIP = NO;
				DEBUG_INFORMATION_FORMAT = dwarf;
				ENABLE_STRICT_OBJC_MSGSEND = YES;
				ENABLE_TESTABILITY = YES;
				GCC_C_LANGUAGE_STANDARD = gnu99;
				GCC_DYNAMIC_NO_PIC = NO;
				GCC_NO_COMMON_BLOCKS = YES;
				GCC_OPTIMIZATION_LEVEL = 0;
				GCC_PREPROCESSOR_DEFINITIONS = (
					"DEBUG=1",
					"$(inherited)",
				);
				GCC_WARN_64_TO_32_BIT_CONVERSION = YES;
				GCC_WARN_ABOUT_RETURN_TYPE = YES_ERROR;
				GCC_WARN_UNDECLARED_SELECTOR = YES;
				GCC_WARN_UNINITIALIZED_AUTOS = YES_AGGRESSIVE;
				GCC_WARN_UNUSED_FUNCTION = YES;
				GCC_WARN_UNUSED_VARIABLE = YES;
				IPHONEOS_DEPLOYMENT_TARGET = 9.2;
				MTL_ENABLE_DEBUG_INFO = YES;
				ONLY_ACTIVE_ARCH = YES;
				SDKROOT = iphoneos;
				TARGETED_DEVICE_FAMILY = "1,2";
			};
			name = Debug;
		};
		53AB85E91C43DA1E00D83036 /* Release */ = {
			isa = XCBuildConfiguration;
			buildSettings = {
				ALWAYS_SEARCH_USER_PATHS = NO;
				CLANG_CXX_LANGUAGE_STANDARD = "gnu++0x";
				CLANG_CXX_LIBRARY = "libc++";
				CLANG_ENABLE_MODULES = YES;
				CLANG_ENABLE_OBJC_ARC = YES;
				CLANG_WARN_BOOL_CONVERSION = YES;
				CLANG_WARN_CONSTANT_CONVERSION = YES;
				CLANG_WARN_DIRECT_OBJC_ISA_USAGE = YES_ERROR;
				CLANG_WARN_EMPTY_BODY = YES;
				CLANG_WARN_ENUM_CONVERSION = YES;
				CLANG_WARN_INT_CONVERSION = YES;
				CLANG_WARN_OBJC_ROOT_CLASS = YES_ERROR;
				CLANG_WARN_UNREACHABLE_CODE = YES;
				CLANG_WARN__DUPLICATE_METHOD_MATCH = YES;
				"CODE_SIGN_IDENTITY[sdk=iphoneos*]" = "iPhone Developer";
				COPY_PHASE_STRIP = NO;
				DEBUG_INFORMATION_FORMAT = "dwarf-with-dsym";
				ENABLE_NS_ASSERTIONS = NO;
				ENABLE_STRICT_OBJC_MSGSEND = YES;
				GCC_C_LANGUAGE_STANDARD = gnu99;
				GCC_NO_COMMON_BLOCKS = YES;
				GCC_WARN_64_TO_32_BIT_CONVERSION = YES;
				GCC_WARN_ABOUT_RETURN_TYPE = YES_ERROR;
				GCC_WARN_UNDECLARED_SELECTOR = YES;
				GCC_WARN_UNINITIALIZED_AUTOS = YES_AGGRESSIVE;
				GCC_WARN_UNUSED_FUNCTION = YES;
				GCC_WARN_UNUSED_VARIABLE = YES;
				IPHONEOS_DEPLOYMENT_TARGET = 9.2;
				MTL_ENABLE_DEBUG_INFO = NO;
				SDKROOT = iphoneos;
				TARGETED_DEVICE_FAMILY = "1,2";
				VALIDATE_PRODUCT = YES;
			};
			name = Release;
		};
		53AB85EB1C43DA1E00D83036 /* Debug */ = {
			isa = XCBuildConfiguration;
			baseConfigurationReference = 2417CE69688A0FCEC6B05E0D /* Pods-FirstDribbbleChallenge.debug.xcconfig */;
			buildSettings = {
				ASSETCATALOG_COMPILER_APPICON_NAME = AppIcon;
				INFOPLIST_FILE = FirstDribbbleChallenge/Info.plist;
				LD_RUNPATH_SEARCH_PATHS = "$(inherited) @executable_path/Frameworks";
				PRODUCT_BUNDLE_IDENTIFIER = "info.data-empire.FirstDribbbleChallenge";
				PRODUCT_NAME = "$(TARGET_NAME)";
			};
			name = Debug;
		};
		53AB85EC1C43DA1E00D83036 /* Release */ = {
			isa = XCBuildConfiguration;
			baseConfigurationReference = 65C6331200F20F2A55CDF12D /* Pods-FirstDribbbleChallenge.release.xcconfig */;
			buildSettings = {
				ASSETCATALOG_COMPILER_APPICON_NAME = AppIcon;
				INFOPLIST_FILE = FirstDribbbleChallenge/Info.plist;
				LD_RUNPATH_SEARCH_PATHS = "$(inherited) @executable_path/Frameworks";
				PRODUCT_BUNDLE_IDENTIFIER = "info.data-empire.FirstDribbbleChallenge";
				PRODUCT_NAME = "$(TARGET_NAME)";
			};
			name = Release;
		};
		53AB85EE1C43DA1E00D83036 /* Debug */ = {
			isa = XCBuildConfiguration;
			buildSettings = {
				BUNDLE_LOADER = "$(TEST_HOST)";
				INFOPLIST_FILE = FirstDribbbleChallengeTests/Info.plist;
				LD_RUNPATH_SEARCH_PATHS = "$(inherited) @executable_path/Frameworks @loader_path/Frameworks";
				PRODUCT_BUNDLE_IDENTIFIER = "info.data-empire.FirstDribbbleChallengeTests";
				PRODUCT_NAME = "$(TARGET_NAME)";
				TEST_HOST = "$(BUILT_PRODUCTS_DIR)/FirstDribbbleChallenge.app/FirstDribbbleChallenge";
			};
			name = Debug;
		};
		53AB85EF1C43DA1E00D83036 /* Release */ = {
			isa = XCBuildConfiguration;
			buildSettings = {
				BUNDLE_LOADER = "$(TEST_HOST)";
				INFOPLIST_FILE = FirstDribbbleChallengeTests/Info.plist;
				LD_RUNPATH_SEARCH_PATHS = "$(inherited) @executable_path/Frameworks @loader_path/Frameworks";
				PRODUCT_BUNDLE_IDENTIFIER = "info.data-empire.FirstDribbbleChallengeTests";
				PRODUCT_NAME = "$(TARGET_NAME)";
				TEST_HOST = "$(BUILT_PRODUCTS_DIR)/FirstDribbbleChallenge.app/FirstDribbbleChallenge";
			};
			name = Release;
		};
/* End XCBuildConfiguration section */

/* Begin XCConfigurationList section */
		53AB85C31C43DA1E00D83036 /* Build configuration list for PBXProject "FirstDribbbleChallenge" */ = {
			isa = XCConfigurationList;
			buildConfigurations = (
				53AB85E81C43DA1E00D83036 /* Debug */,
				53AB85E91C43DA1E00D83036 /* Release */,
			);
			defaultConfigurationIsVisible = 0;
			defaultConfigurationName = Release;
		};
		53AB85EA1C43DA1E00D83036 /* Build configuration list for PBXNativeTarget "FirstDribbbleChallenge" */ = {
			isa = XCConfigurationList;
			buildConfigurations = (
				53AB85EB1C43DA1E00D83036 /* Debug */,
				53AB85EC1C43DA1E00D83036 /* Release */,
			);
			defaultConfigurationIsVisible = 0;
			defaultConfigurationName = Release;
		};
		53AB85ED1C43DA1E00D83036 /* Build configuration list for PBXNativeTarget "FirstDribbbleChallengeTests" */ = {
			isa = XCConfigurationList;
			buildConfigurations = (
				53AB85EE1C43DA1E00D83036 /* Debug */,
				53AB85EF1C43DA1E00D83036 /* Release */,
			);
			defaultConfigurationIsVisible = 0;
			defaultConfigurationName = Release;
		};
/* End XCConfigurationList section */
	};
	rootObject = 53AB85C01C43DA1E00D83036 /* Project object */;
}
